// !$*UTF8*$!
{
	archiveVersion = 1;
	classes = {
	};
	objectVersion = 46;
	objects = {

/* Begin PBXBuildFile section */
		3F0890431DB07CF200EA0828 /* GithubUser.swift in Sources */ = {isa = PBXBuildFile; fileRef = 3F0890421DB07CF200EA0828 /* GithubUser.swift */; };
		3F28A9B71DBE9DDC00E7705A /* BarChartBarView.swift in Sources */ = {isa = PBXBuildFile; fileRef = 3F28A9B61DBE9DDC00E7705A /* BarChartBarView.swift */; };
		3F2F18811DAEFCF100CD5E34 /* AppDelegate.swift in Sources */ = {isa = PBXBuildFile; fileRef = 3F2F18801DAEFCF100CD5E34 /* AppDelegate.swift */; };
		3F2F18861DAEFCF100CD5E34 /* Main.storyboard in Resources */ = {isa = PBXBuildFile; fileRef = 3F2F18841DAEFCF100CD5E34 /* Main.storyboard */; };
		3F2F18881DAEFCF100CD5E34 /* Assets.xcassets in Resources */ = {isa = PBXBuildFile; fileRef = 3F2F18871DAEFCF100CD5E34 /* Assets.xcassets */; };
		3F2F188B1DAEFCF100CD5E34 /* LaunchScreen.storyboard in Resources */ = {isa = PBXBuildFile; fileRef = 3F2F18891DAEFCF100CD5E34 /* LaunchScreen.storyboard */; };
		3F2F18961DAEFCF100CD5E34 /* GitHub_TrackerTests.swift in Sources */ = {isa = PBXBuildFile; fileRef = 3F2F18951DAEFCF100CD5E34 /* GitHub_TrackerTests.swift */; };
		3F571A4D1DC844CB000B5AAD /* Helpers.swift in Sources */ = {isa = PBXBuildFile; fileRef = 3F571A4C1DC844CB000B5AAD /* Helpers.swift */; };
		3F74CED11DB090DB00363BBA /* WrapHubUserTests.swift in Sources */ = {isa = PBXBuildFile; fileRef = 3F74CED01DB090DB00363BBA /* WrapHubUserTests.swift */; };
		3F85BF031DAF35CD000694A9 /* WrapHub.swift in Sources */ = {isa = PBXBuildFile; fileRef = 3F85BF021DAF35CD000694A9 /* WrapHub.swift */; };
		3FA6DFF11DB1E01A003F2685 /* Commit.swift in Sources */ = {isa = PBXBuildFile; fileRef = 3FA6DFF01DB1E01A003F2685 /* Commit.swift */; };
		3FB23F6A1DB331650084AC17 /* WrapHubParser.swift in Sources */ = {isa = PBXBuildFile; fileRef = 3FB23F691DB331650084AC17 /* WrapHubParser.swift */; };
		3FB23F6C1DB332360084AC17 /* WrapHubNetworkingHelper.swift in Sources */ = {isa = PBXBuildFile; fileRef = 3FB23F6B1DB332360084AC17 /* WrapHubNetworkingHelper.swift */; };
		3FC643A41DB18E1200A01552 /* Repository.swift in Sources */ = {isa = PBXBuildFile; fileRef = 3FC643A31DB18E1200A01552 /* Repository.swift */; };
		3FF903371DC443EB00476AC8 /* ChartTableViewController.swift in Sources */ = {isa = PBXBuildFile; fileRef = 3FF903361DC443EB00476AC8 /* ChartTableViewController.swift */; };
		3FF903391DC4481B00476AC8 /* BarChartTableViewCell.swift in Sources */ = {isa = PBXBuildFile; fileRef = 3FF903381DC4481B00476AC8 /* BarChartTableViewCell.swift */; };
		3FFD8C221DB46F9300766319 /* JSONParserTests.swift in Sources */ = {isa = PBXBuildFile; fileRef = 3FFD8C1C1DB43F6300766319 /* JSONParserTests.swift */; };
		3FFD8C231DB46F9800766319 /* test.json in Resources */ = {isa = PBXBuildFile; fileRef = 3FFD8C1F1DB4414200766319 /* test.json */; };
		4B8680914DC2383B0841912C /* Pods_GitHub_Tracker.framework in Frameworks */ = {isa = PBXBuildFile; fileRef = 42F5DD68A2CE4F9E5B3EEE79 /* Pods_GitHub_Tracker.framework */; };
		DEF15066CB3C5BE92620948B /* Pods_GitHub_TrackerTests.framework in Frameworks */ = {isa = PBXBuildFile; fileRef = 203CEDB17A4D5C14E03BE19F /* Pods_GitHub_TrackerTests.framework */; };
		E295E4791DB19ABE00F16C80 /* String+Extensions.swift in Sources */ = {isa = PBXBuildFile; fileRef = E295E4781DB19ABE00F16C80 /* String+Extensions.swift */; };
/* End PBXBuildFile section */

/* Begin PBXContainerItemProxy section */
		3F2F18921DAEFCF100CD5E34 /* PBXContainerItemProxy */ = {
			isa = PBXContainerItemProxy;
			containerPortal = 3F2F18751DAEFCF000CD5E34 /* Project object */;
			proxyType = 1;
			remoteGlobalIDString = 3F2F187C1DAEFCF000CD5E34;
			remoteInfo = "GitHub Tracker";
		};
/* End PBXContainerItemProxy section */

/* Begin PBXFileReference section */
		17733CCDAD79DB604F68521A /* Pods-GitHub Tracker.debug.xcconfig */ = {isa = PBXFileReference; includeInIndex = 1; lastKnownFileType = text.xcconfig; name = "Pods-GitHub Tracker.debug.xcconfig"; path = "Pods/Target Support Files/Pods-GitHub Tracker/Pods-GitHub Tracker.debug.xcconfig"; sourceTree = "<group>"; };
		1C5A2C10BC34010BD2C92609 /* Pods-GitHub TrackerTests.debug.xcconfig */ = {isa = PBXFileReference; includeInIndex = 1; lastKnownFileType = text.xcconfig; name = "Pods-GitHub TrackerTests.debug.xcconfig"; path = "Pods/Target Support Files/Pods-GitHub TrackerTests/Pods-GitHub TrackerTests.debug.xcconfig"; sourceTree = "<group>"; };
		203CEDB17A4D5C14E03BE19F /* Pods_GitHub_TrackerTests.framework */ = {isa = PBXFileReference; explicitFileType = wrapper.framework; includeInIndex = 0; path = Pods_GitHub_TrackerTests.framework; sourceTree = BUILT_PRODUCTS_DIR; };
		3F0890421DB07CF200EA0828 /* GithubUser.swift */ = {isa = PBXFileReference; fileEncoding = 4; lastKnownFileType = sourcecode.swift; path = GithubUser.swift; sourceTree = "<group>"; };
		3F28A9B61DBE9DDC00E7705A /* BarChartBarView.swift */ = {isa = PBXFileReference; fileEncoding = 4; lastKnownFileType = sourcecode.swift; path = BarChartBarView.swift; sourceTree = "<group>"; };
		3F2F187D1DAEFCF100CD5E34 /* GitHub Tracker.app */ = {isa = PBXFileReference; explicitFileType = wrapper.application; includeInIndex = 0; path = "GitHub Tracker.app"; sourceTree = BUILT_PRODUCTS_DIR; };
		3F2F18801DAEFCF100CD5E34 /* AppDelegate.swift */ = {isa = PBXFileReference; lastKnownFileType = sourcecode.swift; path = AppDelegate.swift; sourceTree = "<group>"; };
		3F2F18851DAEFCF100CD5E34 /* Base */ = {isa = PBXFileReference; lastKnownFileType = file.storyboard; name = Base; path = Base.lproj/Main.storyboard; sourceTree = "<group>"; };
		3F2F18871DAEFCF100CD5E34 /* Assets.xcassets */ = {isa = PBXFileReference; lastKnownFileType = folder.assetcatalog; path = Assets.xcassets; sourceTree = "<group>"; };
		3F2F188A1DAEFCF100CD5E34 /* Base */ = {isa = PBXFileReference; lastKnownFileType = file.storyboard; name = Base; path = Base.lproj/LaunchScreen.storyboard; sourceTree = "<group>"; };
		3F2F188C1DAEFCF100CD5E34 /* Info.plist */ = {isa = PBXFileReference; lastKnownFileType = text.plist.xml; path = Info.plist; sourceTree = "<group>"; };
		3F2F18911DAEFCF100CD5E34 /* GitHub TrackerTests.xctest */ = {isa = PBXFileReference; explicitFileType = wrapper.cfbundle; includeInIndex = 0; path = "GitHub TrackerTests.xctest"; sourceTree = BUILT_PRODUCTS_DIR; };
		3F2F18951DAEFCF100CD5E34 /* GitHub_TrackerTests.swift */ = {isa = PBXFileReference; lastKnownFileType = sourcecode.swift; path = GitHub_TrackerTests.swift; sourceTree = "<group>"; };
		3F2F18971DAEFCF100CD5E34 /* Info.plist */ = {isa = PBXFileReference; lastKnownFileType = text.plist.xml; path = Info.plist; sourceTree = "<group>"; };
		3F571A4C1DC844CB000B5AAD /* Helpers.swift */ = {isa = PBXFileReference; fileEncoding = 4; lastKnownFileType = sourcecode.swift; name = Helpers.swift; path = ../Helpers.swift; sourceTree = "<group>"; };
		3F74CED01DB090DB00363BBA /* WrapHubUserTests.swift */ = {isa = PBXFileReference; fileEncoding = 4; lastKnownFileType = sourcecode.swift; path = WrapHubUserTests.swift; sourceTree = "<group>"; };
		3F85BF021DAF35CD000694A9 /* WrapHub.swift */ = {isa = PBXFileReference; fileEncoding = 4; lastKnownFileType = sourcecode.swift; path = WrapHub.swift; sourceTree = "<group>"; };
		3FA6DFF01DB1E01A003F2685 /* Commit.swift */ = {isa = PBXFileReference; fileEncoding = 4; lastKnownFileType = sourcecode.swift; path = Commit.swift; sourceTree = "<group>"; };
		3FB23F691DB331650084AC17 /* WrapHubParser.swift */ = {isa = PBXFileReference; fileEncoding = 4; lastKnownFileType = sourcecode.swift; path = WrapHubParser.swift; sourceTree = "<group>"; };
		3FB23F6B1DB332360084AC17 /* WrapHubNetworkingHelper.swift */ = {isa = PBXFileReference; fileEncoding = 4; lastKnownFileType = sourcecode.swift; path = WrapHubNetworkingHelper.swift; sourceTree = "<group>"; };
		3FC643A31DB18E1200A01552 /* Repository.swift */ = {isa = PBXFileReference; fileEncoding = 4; lastKnownFileType = sourcecode.swift; path = Repository.swift; sourceTree = "<group>"; };
		3FF903361DC443EB00476AC8 /* ChartTableViewController.swift */ = {isa = PBXFileReference; fileEncoding = 4; lastKnownFileType = sourcecode.swift; path = ChartTableViewController.swift; sourceTree = "<group>"; };
		3FF903381DC4481B00476AC8 /* BarChartTableViewCell.swift */ = {isa = PBXFileReference; fileEncoding = 4; lastKnownFileType = sourcecode.swift; path = BarChartTableViewCell.swift; sourceTree = "<group>"; };
		3FFD8C1C1DB43F6300766319 /* JSONParserTests.swift */ = {isa = PBXFileReference; fileEncoding = 4; lastKnownFileType = sourcecode.swift; path = JSONParserTests.swift; sourceTree = "<group>"; };
		3FFD8C1F1DB4414200766319 /* test.json */ = {isa = PBXFileReference; fileEncoding = 4; lastKnownFileType = text.json; path = test.json; sourceTree = "<group>"; };
		42F5DD68A2CE4F9E5B3EEE79 /* Pods_GitHub_Tracker.framework */ = {isa = PBXFileReference; explicitFileType = wrapper.framework; includeInIndex = 0; path = Pods_GitHub_Tracker.framework; sourceTree = BUILT_PRODUCTS_DIR; };
		4D58F281990FA7FCB7EE8E07 /* Pods-GitHub TrackerTests.release.xcconfig */ = {isa = PBXFileReference; includeInIndex = 1; lastKnownFileType = text.xcconfig; name = "Pods-GitHub TrackerTests.release.xcconfig"; path = "Pods/Target Support Files/Pods-GitHub TrackerTests/Pods-GitHub TrackerTests.release.xcconfig"; sourceTree = "<group>"; };
		8BC9D93EF2C726536C0CE319 /* Pods-GitHub TrackerUITests.debug.xcconfig */ = {isa = PBXFileReference; includeInIndex = 1; lastKnownFileType = text.xcconfig; name = "Pods-GitHub TrackerUITests.debug.xcconfig"; path = "Pods/Target Support Files/Pods-GitHub TrackerUITests/Pods-GitHub TrackerUITests.debug.xcconfig"; sourceTree = "<group>"; };
		B32F5AA325A46164AD69BFFC /* Pods_GitHub_TrackerUITests.framework */ = {isa = PBXFileReference; explicitFileType = wrapper.framework; includeInIndex = 0; path = Pods_GitHub_TrackerUITests.framework; sourceTree = BUILT_PRODUCTS_DIR; };
		BED98E1595E66729DF39FB44 /* Pods-GitHub Tracker.release.xcconfig */ = {isa = PBXFileReference; includeInIndex = 1; lastKnownFileType = text.xcconfig; name = "Pods-GitHub Tracker.release.xcconfig"; path = "Pods/Target Support Files/Pods-GitHub Tracker/Pods-GitHub Tracker.release.xcconfig"; sourceTree = "<group>"; };
		D33D3DA5E1F5E660607A0049 /* Pods-GitHub TrackerUITests.release.xcconfig */ = {isa = PBXFileReference; includeInIndex = 1; lastKnownFileType = text.xcconfig; name = "Pods-GitHub TrackerUITests.release.xcconfig"; path = "Pods/Target Support Files/Pods-GitHub TrackerUITests/Pods-GitHub TrackerUITests.release.xcconfig"; sourceTree = "<group>"; };
		E295E4781DB19ABE00F16C80 /* String+Extensions.swift */ = {isa = PBXFileReference; fileEncoding = 4; lastKnownFileType = sourcecode.swift; path = "String+Extensions.swift"; sourceTree = "<group>"; };
/* End PBXFileReference section */

/* Begin PBXFrameworksBuildPhase section */
		3F2F187A1DAEFCF000CD5E34 /* Frameworks */ = {
			isa = PBXFrameworksBuildPhase;
			buildActionMask = 2147483647;
			files = (
				4B8680914DC2383B0841912C /* Pods_GitHub_Tracker.framework in Frameworks */,
			);
			runOnlyForDeploymentPostprocessing = 0;
		};
		3F2F188E1DAEFCF100CD5E34 /* Frameworks */ = {
			isa = PBXFrameworksBuildPhase;
			buildActionMask = 2147483647;
			files = (
				DEF15066CB3C5BE92620948B /* Pods_GitHub_TrackerTests.framework in Frameworks */,
			);
			runOnlyForDeploymentPostprocessing = 0;
		};
/* End PBXFrameworksBuildPhase section */

/* Begin PBXGroup section */
		10ED1A2F90647C29CCA2A149 /* Pods */ = {
			isa = PBXGroup;
			children = (
				17733CCDAD79DB604F68521A /* Pods-GitHub Tracker.debug.xcconfig */,
				BED98E1595E66729DF39FB44 /* Pods-GitHub Tracker.release.xcconfig */,
				1C5A2C10BC34010BD2C92609 /* Pods-GitHub TrackerTests.debug.xcconfig */,
				4D58F281990FA7FCB7EE8E07 /* Pods-GitHub TrackerTests.release.xcconfig */,
				8BC9D93EF2C726536C0CE319 /* Pods-GitHub TrackerUITests.debug.xcconfig */,
				D33D3DA5E1F5E660607A0049 /* Pods-GitHub TrackerUITests.release.xcconfig */,
			);
			name = Pods;
			sourceTree = "<group>";
		};
		3F0890411DB07CDB00EA0828 /* Models */ = {
			isa = PBXGroup;
			children = (
				3FA6DFF01DB1E01A003F2685 /* Commit.swift */,
				3F0890421DB07CF200EA0828 /* GithubUser.swift */,
				3FC643A31DB18E1200A01552 /* Repository.swift */,
			);
			path = Models;
			sourceTree = "<group>";
		};
		3F28A9B51DBE9DB100E7705A /* Views */ = {
			isa = PBXGroup;
			children = (
				3F28A9B61DBE9DDC00E7705A /* BarChartBarView.swift */,
			);
			name = Views;
			sourceTree = "<group>";
		};
		3F2F18741DAEFCF000CD5E34 = {
			isa = PBXGroup;
			children = (
				813CEEC00881C61E9E034E44 /* Frameworks */,
				3F2F187F1DAEFCF100CD5E34 /* GitHub Tracker */,
				3F2F18941DAEFCF100CD5E34 /* GitHub TrackerTests */,
				10ED1A2F90647C29CCA2A149 /* Pods */,
				3F2F187E1DAEFCF100CD5E34 /* Products */,
			);
			sourceTree = "<group>";
		};
		3F2F187E1DAEFCF100CD5E34 /* Products */ = {
			isa = PBXGroup;
			children = (
				3F2F187D1DAEFCF100CD5E34 /* GitHub Tracker.app */,
				3F2F18911DAEFCF100CD5E34 /* GitHub TrackerTests.xctest */,
			);
			name = Products;
			sourceTree = "<group>";
		};
		3F2F187F1DAEFCF100CD5E34 /* GitHub Tracker */ = {
			isa = PBXGroup;
			children = (
				3F28A9B51DBE9DB100E7705A /* Views */,
				3F85BF011DAF35A3000694A9 /* ApiWrapper */,
				3FB23F681DB331270084AC17 /* Helper Files */,
				3F2F18871DAEFCF100CD5E34 /* Assets.xcassets */,
				3F2F18891DAEFCF100CD5E34 /* LaunchScreen.storyboard */,
				3F2F18841DAEFCF100CD5E34 /* Main.storyboard */,
				3FF903361DC443EB00476AC8 /* ChartTableViewController.swift */,
				3FF903381DC4481B00476AC8 /* BarChartTableViewCell.swift */,
			);
			path = "GitHub Tracker";
			sourceTree = "<group>";
		};
		3F2F18941DAEFCF100CD5E34 /* GitHub TrackerTests */ = {
			isa = PBXGroup;
			children = (
				3FFD8C1E1DB4412F00766319 /* data */,
				3F2F18951DAEFCF100CD5E34 /* GitHub_TrackerTests.swift */,
				3F2F18971DAEFCF100CD5E34 /* Info.plist */,
				3F74CED01DB090DB00363BBA /* WrapHubUserTests.swift */,
				3FFD8C1C1DB43F6300766319 /* JSONParserTests.swift */,
			);
			path = "GitHub TrackerTests";
			sourceTree = "<group>";
		};
		3F85BF011DAF35A3000694A9 /* ApiWrapper */ = {
			isa = PBXGroup;
			children = (
				3FB23F6D1DB333630084AC17 /* Helpers */,
				3F0890411DB07CDB00EA0828 /* Models */,
				3F85BF021DAF35CD000694A9 /* WrapHub.swift */,
			);
			path = ApiWrapper;
			sourceTree = "<group>";
		};
		3FB23F681DB331270084AC17 /* Helper Files */ = {
			isa = PBXGroup;
			children = (
				3F571A4C1DC844CB000B5AAD /* Helpers.swift */,
				3F2F18801DAEFCF100CD5E34 /* AppDelegate.swift */,
				3F2F188C1DAEFCF100CD5E34 /* Info.plist */,
			);
			path = "Helper Files";
			sourceTree = "<group>";
		};
		3FB23F6D1DB333630084AC17 /* Helpers */ = {
			isa = PBXGroup;
			children = (
				E295E4781DB19ABE00F16C80 /* String+Extensions.swift */,
				3FB23F6B1DB332360084AC17 /* WrapHubNetworkingHelper.swift */,
				3FB23F691DB331650084AC17 /* WrapHubParser.swift */,
			);
			path = Helpers;
			sourceTree = "<group>";
		};
		3FFD8C1E1DB4412F00766319 /* data */ = {
			isa = PBXGroup;
			children = (
				3FFD8C1F1DB4414200766319 /* test.json */,
			);
			name = data;
			path = "GitHub TrackerTests";
			sourceTree = SOURCE_ROOT;
		};
		813CEEC00881C61E9E034E44 /* Frameworks */ = {
			isa = PBXGroup;
			children = (
				42F5DD68A2CE4F9E5B3EEE79 /* Pods_GitHub_Tracker.framework */,
				203CEDB17A4D5C14E03BE19F /* Pods_GitHub_TrackerTests.framework */,
				B32F5AA325A46164AD69BFFC /* Pods_GitHub_TrackerUITests.framework */,
			);
			name = Frameworks;
			sourceTree = "<group>";
		};
/* End PBXGroup section */

/* Begin PBXNativeTarget section */
		3F2F187C1DAEFCF000CD5E34 /* GitHub Tracker */ = {
			isa = PBXNativeTarget;
			buildConfigurationList = 3F2F18A51DAEFCF100CD5E34 /* Build configuration list for PBXNativeTarget "GitHub Tracker" */;
			buildPhases = (
				DF63B069EAAECD5F60594BA4 /* [CP] Check Pods Manifest.lock */,
				3F2F18791DAEFCF000CD5E34 /* Sources */,
				3F2F187A1DAEFCF000CD5E34 /* Frameworks */,
				3F2F187B1DAEFCF000CD5E34 /* Resources */,
				D58AB597CC4A9256775566CE /* [CP] Embed Pods Frameworks */,
				0DFB0E0875F4211D49A0C5DB /* [CP] Copy Pods Resources */,
			);
			buildRules = (
			);
			dependencies = (
			);
			name = "GitHub Tracker";
			productName = "GitHub Tracker";
			productReference = 3F2F187D1DAEFCF100CD5E34 /* GitHub Tracker.app */;
			productType = "com.apple.product-type.application";
		};
		3F2F18901DAEFCF100CD5E34 /* GitHub TrackerTests */ = {
			isa = PBXNativeTarget;
			buildConfigurationList = 3F2F18A81DAEFCF100CD5E34 /* Build configuration list for PBXNativeTarget "GitHub TrackerTests" */;
			buildPhases = (
				5D7011416FB13300C0DE01B5 /* [CP] Check Pods Manifest.lock */,
				3F2F188D1DAEFCF100CD5E34 /* Sources */,
				3F2F188E1DAEFCF100CD5E34 /* Frameworks */,
				3F2F188F1DAEFCF100CD5E34 /* Resources */,
				47DCD64D00E5FFC277B8A68E /* [CP] Embed Pods Frameworks */,
				7AE6C17AB1B3879976CC8987 /* [CP] Copy Pods Resources */,
			);
			buildRules = (
			);
			dependencies = (
				3F2F18931DAEFCF100CD5E34 /* PBXTargetDependency */,
			);
			name = "GitHub TrackerTests";
			productName = "GitHub TrackerTests";
			productReference = 3F2F18911DAEFCF100CD5E34 /* GitHub TrackerTests.xctest */;
			productType = "com.apple.product-type.bundle.unit-test";
		};
/* End PBXNativeTarget section */

/* Begin PBXProject section */
		3F2F18751DAEFCF000CD5E34 /* Project object */ = {
			isa = PBXProject;
			attributes = {
				LastSwiftUpdateCheck = 0800;
				LastUpgradeCheck = 0800;
				ORGANIZATIONNAME = "Luca Hagel";
				TargetAttributes = {
					3F2F187C1DAEFCF000CD5E34 = {
						CreatedOnToolsVersion = 8.0;
						DevelopmentTeam = SGZ32NWR4Z;
						ProvisioningStyle = Automatic;
					};
					3F2F18901DAEFCF100CD5E34 = {
						CreatedOnToolsVersion = 8.0;
						DevelopmentTeam = SGZ32NWR4Z;
						ProvisioningStyle = Automatic;
						TestTargetID = 3F2F187C1DAEFCF000CD5E34;
					};
				};
			};
			buildConfigurationList = 3F2F18781DAEFCF000CD5E34 /* Build configuration list for PBXProject "GitHub Tracker" */;
			compatibilityVersion = "Xcode 3.2";
			developmentRegion = English;
			hasScannedForEncodings = 0;
			knownRegions = (
				en,
				Base,
			);
			mainGroup = 3F2F18741DAEFCF000CD5E34;
			productRefGroup = 3F2F187E1DAEFCF100CD5E34 /* Products */;
			projectDirPath = "";
			projectRoot = "";
			targets = (
				3F2F187C1DAEFCF000CD5E34 /* GitHub Tracker */,
				3F2F18901DAEFCF100CD5E34 /* GitHub TrackerTests */,
			);
		};
/* End PBXProject section */

/* Begin PBXResourcesBuildPhase section */
		3F2F187B1DAEFCF000CD5E34 /* Resources */ = {
			isa = PBXResourcesBuildPhase;
			buildActionMask = 2147483647;
			files = (
				3F2F188B1DAEFCF100CD5E34 /* LaunchScreen.storyboard in Resources */,
				3FFD8C231DB46F9800766319 /* test.json in Resources */,
				3F2F18881DAEFCF100CD5E34 /* Assets.xcassets in Resources */,
				3F2F18861DAEFCF100CD5E34 /* Main.storyboard in Resources */,
			);
			runOnlyForDeploymentPostprocessing = 0;
		};
		3F2F188F1DAEFCF100CD5E34 /* Resources */ = {
			isa = PBXResourcesBuildPhase;
			buildActionMask = 2147483647;
			files = (
			);
			runOnlyForDeploymentPostprocessing = 0;
		};
/* End PBXResourcesBuildPhase section */

/* Begin PBXShellScriptBuildPhase section */
		0DFB0E0875F4211D49A0C5DB /* [CP] Copy Pods Resources */ = {
			isa = PBXShellScriptBuildPhase;
			buildActionMask = 2147483647;
			files = (
			);
			inputPaths = (
			);
			name = "[CP] Copy Pods Resources";
			outputPaths = (
			);
			runOnlyForDeploymentPostprocessing = 0;
			shellPath = /bin/sh;
			shellScript = "\"${SRCROOT}/Pods/Target Support Files/Pods-GitHub Tracker/Pods-GitHub Tracker-resources.sh\"\n";
			showEnvVarsInLog = 0;
		};
		47DCD64D00E5FFC277B8A68E /* [CP] Embed Pods Frameworks */ = {
			isa = PBXShellScriptBuildPhase;
			buildActionMask = 2147483647;
			files = (
			);
			inputPaths = (
			);
			name = "[CP] Embed Pods Frameworks";
			outputPaths = (
			);
			runOnlyForDeploymentPostprocessing = 0;
			shellPath = /bin/sh;
			shellScript = "\"${SRCROOT}/Pods/Target Support Files/Pods-GitHub TrackerTests/Pods-GitHub TrackerTests-frameworks.sh\"\n";
			showEnvVarsInLog = 0;
		};
		5D7011416FB13300C0DE01B5 /* [CP] Check Pods Manifest.lock */ = {
			isa = PBXShellScriptBuildPhase;
			buildActionMask = 2147483647;
			files = (
			);
			inputPaths = (
			);
			name = "[CP] Check Pods Manifest.lock";
			outputPaths = (
			);
			runOnlyForDeploymentPostprocessing = 0;
			shellPath = /bin/sh;
			shellScript = "diff \"${PODS_ROOT}/../Podfile.lock\" \"${PODS_ROOT}/Manifest.lock\" > /dev/null\nif [ $? != 0 ] ; then\n    # print error to STDERR\n    echo \"error: The sandbox is not in sync with the Podfile.lock. Run 'pod install' or update your CocoaPods installation.\" >&2\n    exit 1\nfi\n";
			showEnvVarsInLog = 0;
		};
		7AE6C17AB1B3879976CC8987 /* [CP] Copy Pods Resources */ = {
			isa = PBXShellScriptBuildPhase;
			buildActionMask = 2147483647;
			files = (
			);
			inputPaths = (
			);
			name = "[CP] Copy Pods Resources";
			outputPaths = (
			);
			runOnlyForDeploymentPostprocessing = 0;
			shellPath = /bin/sh;
			shellScript = "\"${SRCROOT}/Pods/Target Support Files/Pods-GitHub TrackerTests/Pods-GitHub TrackerTests-resources.sh\"\n";
			showEnvVarsInLog = 0;
		};
		D58AB597CC4A9256775566CE /* [CP] Embed Pods Frameworks */ = {
			isa = PBXShellScriptBuildPhase;
			buildActionMask = 2147483647;
			files = (
			);
			inputPaths = (
			);
			name = "[CP] Embed Pods Frameworks";
			outputPaths = (
			);
			runOnlyForDeploymentPostprocessing = 0;
			shellPath = /bin/sh;
			shellScript = "\"${SRCROOT}/Pods/Target Support Files/Pods-GitHub Tracker/Pods-GitHub Tracker-frameworks.sh\"\n";
			showEnvVarsInLog = 0;
		};
		DF63B069EAAECD5F60594BA4 /* [CP] Check Pods Manifest.lock */ = {
			isa = PBXShellScriptBuildPhase;
			buildActionMask = 2147483647;
			files = (
			);
			inputPaths = (
			);
			name = "[CP] Check Pods Manifest.lock";
			outputPaths = (
			);
			runOnlyForDeploymentPostprocessing = 0;
			shellPath = /bin/sh;
			shellScript = "diff \"${PODS_ROOT}/../Podfile.lock\" \"${PODS_ROOT}/Manifest.lock\" > /dev/null\nif [ $? != 0 ] ; then\n    # print error to STDERR\n    echo \"error: The sandbox is not in sync with the Podfile.lock. Run 'pod install' or update your CocoaPods installation.\" >&2\n    exit 1\nfi\n";
			showEnvVarsInLog = 0;
		};
/* End PBXShellScriptBuildPhase section */

/* Begin PBXSourcesBuildPhase section */
		3F2F18791DAEFCF000CD5E34 /* Sources */ = {
			isa = PBXSourcesBuildPhase;
			buildActionMask = 2147483647;
			files = (
				E295E4791DB19ABE00F16C80 /* String+Extensions.swift in Sources */,
				3F28A9B71DBE9DDC00E7705A /* BarChartBarView.swift in Sources */,
				3FF903371DC443EB00476AC8 /* ChartTableViewController.swift in Sources */,
				3F0890431DB07CF200EA0828 /* GithubUser.swift in Sources */,
				3FB23F6C1DB332360084AC17 /* WrapHubNetworkingHelper.swift in Sources */,
				3FF903391DC4481B00476AC8 /* BarChartTableViewCell.swift in Sources */,
				3FA6DFF11DB1E01A003F2685 /* Commit.swift in Sources */,
				3F571A4D1DC844CB000B5AAD /* Helpers.swift in Sources */,
				3F85BF031DAF35CD000694A9 /* WrapHub.swift in Sources */,
				3FB23F6A1DB331650084AC17 /* WrapHubParser.swift in Sources */,
				3FC643A41DB18E1200A01552 /* Repository.swift in Sources */,
				3F2F18811DAEFCF100CD5E34 /* AppDelegate.swift in Sources */,
			);
			runOnlyForDeploymentPostprocessing = 0;
		};
		3F2F188D1DAEFCF100CD5E34 /* Sources */ = {
			isa = PBXSourcesBuildPhase;
			buildActionMask = 2147483647;
			files = (
				3FFD8C221DB46F9300766319 /* JSONParserTests.swift in Sources */,
				3F74CED11DB090DB00363BBA /* WrapHubUserTests.swift in Sources */,
				3F2F18961DAEFCF100CD5E34 /* GitHub_TrackerTests.swift in Sources */,
			);
			runOnlyForDeploymentPostprocessing = 0;
		};
/* End PBXSourcesBuildPhase section */

/* Begin PBXTargetDependency section */
		3F2F18931DAEFCF100CD5E34 /* PBXTargetDependency */ = {
			isa = PBXTargetDependency;
			target = 3F2F187C1DAEFCF000CD5E34 /* GitHub Tracker */;
			targetProxy = 3F2F18921DAEFCF100CD5E34 /* PBXContainerItemProxy */;
		};
/* End PBXTargetDependency section */

/* Begin PBXVariantGroup section */
		3F2F18841DAEFCF100CD5E34 /* Main.storyboard */ = {
			isa = PBXVariantGroup;
			children = (
				3F2F18851DAEFCF100CD5E34 /* Base */,
			);
			name = Main.storyboard;
			path = .;
			sourceTree = "<group>";
		};
		3F2F18891DAEFCF100CD5E34 /* LaunchScreen.storyboard */ = {
			isa = PBXVariantGroup;
			children = (
				3F2F188A1DAEFCF100CD5E34 /* Base */,
			);
			name = LaunchScreen.storyboard;
			path = .;
			sourceTree = "<group>";
		};
/* End PBXVariantGroup section */

/* Begin XCBuildConfiguration section */
		3F2F18A31DAEFCF100CD5E34 /* Debug */ = {
			isa = XCBuildConfiguration;
			buildSettings = {
				ALWAYS_SEARCH_USER_PATHS = NO;
				CLANG_ANALYZER_NONNULL = YES;
				CLANG_CXX_LANGUAGE_STANDARD = "gnu++0x";
				CLANG_CXX_LIBRARY = "libc++";
				CLANG_ENABLE_MODULES = YES;
				CLANG_ENABLE_OBJC_ARC = YES;
				CLANG_WARN_BOOL_CONVERSION = YES;
				CLANG_WARN_CONSTANT_CONVERSION = YES;
				CLANG_WARN_DIRECT_OBJC_ISA_USAGE = YES_ERROR;
				CLANG_WARN_DOCUMENTATION_COMMENTS = YES;
				CLANG_WARN_EMPTY_BODY = YES;
				CLANG_WARN_ENUM_CONVERSION = YES;
				CLANG_WARN_INFINITE_RECURSION = YES;
				CLANG_WARN_INT_CONVERSION = YES;
				CLANG_WARN_OBJC_ROOT_CLASS = YES_ERROR;
				CLANG_WARN_SUSPICIOUS_MOVE = YES;
				CLANG_WARN_SUSPICIOUS_MOVES = YES;
				CLANG_WARN_UNREACHABLE_CODE = YES;
				CLANG_WARN__DUPLICATE_METHOD_MATCH = YES;
				"CODE_SIGN_IDENTITY[sdk=iphoneos*]" = "iPhone Developer";
				COPY_PHASE_STRIP = NO;
				DEBUG_INFORMATION_FORMAT = dwarf;
				ENABLE_STRICT_OBJC_MSGSEND = YES;
				ENABLE_TESTABILITY = YES;
				GCC_C_LANGUAGE_STANDARD = gnu99;
				GCC_DYNAMIC_NO_PIC = NO;
				GCC_NO_COMMON_BLOCKS = YES;
				GCC_OPTIMIZATION_LEVEL = 0;
				GCC_PREPROCESSOR_DEFINITIONS = (
					"DEBUG=1",
					"$(inherited)",
				);
				GCC_WARN_64_TO_32_BIT_CONVERSION = YES;
				GCC_WARN_ABOUT_RETURN_TYPE = YES_ERROR;
				GCC_WARN_UNDECLARED_SELECTOR = YES;
				GCC_WARN_UNINITIALIZED_AUTOS = YES_AGGRESSIVE;
				GCC_WARN_UNUSED_FUNCTION = YES;
				GCC_WARN_UNUSED_VARIABLE = YES;
				IPHONEOS_DEPLOYMENT_TARGET = 10.0;
				MTL_ENABLE_DEBUG_INFO = YES;
				ONLY_ACTIVE_ARCH = YES;
				SDKROOT = iphoneos;
				SWIFT_ACTIVE_COMPILATION_CONDITIONS = DEBUG;
				SWIFT_OPTIMIZATION_LEVEL = "-Onone";
				TARGETED_DEVICE_FAMILY = "1,2";
			};
			name = Debug;
		};
		3F2F18A41DAEFCF100CD5E34 /* Release */ = {
			isa = XCBuildConfiguration;
			buildSettings = {
				ALWAYS_SEARCH_USER_PATHS = NO;
				CLANG_ANALYZER_NONNULL = YES;
				CLANG_CXX_LANGUAGE_STANDARD = "gnu++0x";
				CLANG_CXX_LIBRARY = "libc++";
				CLANG_ENABLE_MODULES = YES;
				CLANG_ENABLE_OBJC_ARC = YES;
				CLANG_WARN_BOOL_CONVERSION = YES;
				CLANG_WARN_CONSTANT_CONVERSION = YES;
				CLANG_WARN_DIRECT_OBJC_ISA_USAGE = YES_ERROR;
				CLANG_WARN_DOCUMENTATION_COMMENTS = YES;
				CLANG_WARN_EMPTY_BODY = YES;
				CLANG_WARN_ENUM_CONVERSION = YES;
				CLANG_WARN_INFINITE_RECURSION = YES;
				CLANG_WARN_INT_CONVERSION = YES;
				CLANG_WARN_OBJC_ROOT_CLASS = YES_ERROR;
				CLANG_WARN_SUSPICIOUS_MOVE = YES;
				CLANG_WARN_SUSPICIOUS_MOVES = YES;
				CLANG_WARN_UNREACHABLE_CODE = YES;
				CLANG_WARN__DUPLICATE_METHOD_MATCH = YES;
				"CODE_SIGN_IDENTITY[sdk=iphoneos*]" = "iPhone Developer";
				COPY_PHASE_STRIP = NO;
				DEBUG_INFORMATION_FORMAT = "dwarf-with-dsym";
				ENABLE_NS_ASSERTIONS = NO;
				ENABLE_STRICT_OBJC_MSGSEND = YES;
				GCC_C_LANGUAGE_STANDARD = gnu99;
				GCC_NO_COMMON_BLOCKS = YES;
				GCC_WARN_64_TO_32_BIT_CONVERSION = YES;
				GCC_WARN_ABOUT_RETURN_TYPE = YES_ERROR;
				GCC_WARN_UNDECLARED_SELECTOR = YES;
				GCC_WARN_UNINITIALIZED_AUTOS = YES_AGGRESSIVE;
				GCC_WARN_UNUSED_FUNCTION = YES;
				GCC_WARN_UNUSED_VARIABLE = YES;
				IPHONEOS_DEPLOYMENT_TARGET = 10.0;
				MTL_ENABLE_DEBUG_INFO = NO;
				SDKROOT = iphoneos;
				SWIFT_OPTIMIZATION_LEVEL = "-Owholemodule";
				TARGETED_DEVICE_FAMILY = "1,2";
				VALIDATE_PRODUCT = YES;
			};
			name = Release;
		};
		3F2F18A61DAEFCF100CD5E34 /* Debug */ = {
			isa = XCBuildConfiguration;
			baseConfigurationReference = 17733CCDAD79DB604F68521A /* Pods-GitHub Tracker.debug.xcconfig */;
			buildSettings = {
				ALWAYS_EMBED_SWIFT_STANDARD_LIBRARIES = YES;
				ASSETCATALOG_COMPILER_APPICON_NAME = AppIcon;
				DEVELOPMENT_TEAM = SGZ32NWR4Z;
				INFOPLIST_FILE = "GitHub Tracker/Helper Files/Info.plist";
				LD_RUNPATH_SEARCH_PATHS = "$(inherited) @executable_path/Frameworks";
				PRODUCT_BUNDLE_IDENTIFIER = "tech.luhagel.GitHub-Tracker";
				PRODUCT_NAME = "$(TARGET_NAME)";
				SWIFT_VERSION = 3.0;
			};
			name = Debug;
		};
		3F2F18A71DAEFCF100CD5E34 /* Release */ = {
			isa = XCBuildConfiguration;
			baseConfigurationReference = BED98E1595E66729DF39FB44 /* Pods-GitHub Tracker.release.xcconfig */;
			buildSettings = {
				ALWAYS_EMBED_SWIFT_STANDARD_LIBRARIES = YES;
				ASSETCATALOG_COMPILER_APPICON_NAME = AppIcon;
				DEVELOPMENT_TEAM = SGZ32NWR4Z;
				INFOPLIST_FILE = "GitHub Tracker/Helper Files/Info.plist";
				LD_RUNPATH_SEARCH_PATHS = "$(inherited) @executable_path/Frameworks";
				PRODUCT_BUNDLE_IDENTIFIER = "tech.luhagel.GitHub-Tracker";
				PRODUCT_NAME = "$(TARGET_NAME)";
				SWIFT_VERSION = 3.0;
			};
			name = Release;
		};
		3F2F18A91DAEFCF100CD5E34 /* Debug */ = {
			isa = XCBuildConfiguration;
			baseConfigurationReference = 1C5A2C10BC34010BD2C92609 /* Pods-GitHub TrackerTests.debug.xcconfig */;
			buildSettings = {
				ALWAYS_EMBED_SWIFT_STANDARD_LIBRARIES = YES;
				BUNDLE_LOADER = "$(TEST_HOST)";
				DEVELOPMENT_TEAM = SGZ32NWR4Z;
				INFOPLIST_FILE = "GitHub TrackerTests/Info.plist";
				LD_RUNPATH_SEARCH_PATHS = "$(inherited) @executable_path/Frameworks @loader_path/Frameworks";
				PRODUCT_BUNDLE_IDENTIFIER = "tech.luhagel.GitHub-TrackerTests";
				PRODUCT_NAME = "$(TARGET_NAME)";
				SWIFT_VERSION = 3.0;
				TEST_HOST = "$(BUILT_PRODUCTS_DIR)/GitHub Tracker.app/GitHub Tracker";
			};
			name = Debug;
		};
		3F2F18AA1DAEFCF100CD5E34 /* Release */ = {
			isa = XCBuildConfiguration;
			baseConfigurationReference = 4D58F281990FA7FCB7EE8E07 /* Pods-GitHub TrackerTests.release.xcconfig */;
			buildSettings = {
				ALWAYS_EMBED_SWIFT_STANDARD_LIBRARIES = YES;
				BUNDLE_LOADER = "$(TEST_HOST)";
				DEVELOPMENT_TEAM = SGZ32NWR4Z;
				INFOPLIST_FILE = "GitHub TrackerTests/Info.plist";
				LD_RUNPATH_SEARCH_PATHS = "$(inherited) @executable_path/Frameworks @loader_path/Frameworks";
				PRODUCT_BUNDLE_IDENTIFIER = "tech.luhagel.GitHub-TrackerTests";
				PRODUCT_NAME = "$(TARGET_NAME)";
				SWIFT_VERSION = 3.0;
				TEST_HOST = "$(BUILT_PRODUCTS_DIR)/GitHub Tracker.app/GitHub Tracker";
			};
			name = Release;
		};
/* End XCBuildConfiguration section */

/* Begin XCConfigurationList section */
		3F2F18781DAEFCF000CD5E34 /* Build configuration list for PBXProject "GitHub Tracker" */ = {
			isa = XCConfigurationList;
			buildConfigurations = (
				3F2F18A31DAEFCF100CD5E34 /* Debug */,
				3F2F18A41DAEFCF100CD5E34 /* Release */,
			);
			defaultConfigurationIsVisible = 0;
			defaultConfigurationName = Release;
		};
		3F2F18A51DAEFCF100CD5E34 /* Build configuration list for PBXNativeTarget "GitHub Tracker" */ = {
			isa = XCConfigurationList;
			buildConfigurations = (
				3F2F18A61DAEFCF100CD5E34 /* Debug */,
				3F2F18A71DAEFCF100CD5E34 /* Release */,
			);
			defaultConfigurationIsVisible = 0;
			defaultConfigurationName = Release;
		};
		3F2F18A81DAEFCF100CD5E34 /* Build configuration list for PBXNativeTarget "GitHub TrackerTests" */ = {
			isa = XCConfigurationList;
			buildConfigurations = (
				3F2F18A91DAEFCF100CD5E34 /* Debug */,
				3F2F18AA1DAEFCF100CD5E34 /* Release */,
			);
			defaultConfigurationIsVisible = 0;
			defaultConfigurationName = Release;
		};
/* End XCConfigurationList section */
	};
	rootObject = 3F2F18751DAEFCF000CD5E34 /* Project object */;
}
